# This file is automatically @generated by Cargo.
# It is not intended for manual editing.
[[package]]
name = "fntools"
version = "0.1.0"
source = "git+https://github.com/WaffleLapkin/fntools?rev=dce0040#dce0040b025a8b5cf4e8ed3ba1dc744bb5b842ba"

[[package]]
name = "the-tenet-of-life"
version = "0.1.0"
dependencies = [
 "fntools",
]
